
Microsoft Visual Studio Solution File, Format Version 12.00
# Visual Studio Version 16
VisualStudioVersion = 16.0.33801.447
MinimumVisualStudioVersion = 10.0.40219.1
Project("{FAE04EC0-301F-11D3-BF4B-00C04F79EFBC}") = "Attendance_Management_System", "Attendance_Management_System\Attendance_Management_System.csproj", "{CE5F145C-B3BE-4C8B-A313-97D11F44D81E}"
EndProject
Global
	GlobalSection(SolutionConfigurationPlatforms) = preSolution
		Debug|Any CPU = Debug|Any CPU
		Release|Any CPU = Release|Any CPU
	EndGlobalSection
	GlobalSection(ProjectConfigurationPlatforms) = postSolution
		{CE5F145C-B3BE-4C8B-A313-97D11F44D81E}.Debug|Any CPU.ActiveCfg = Debug|Any CPU
		{CE5F145C-B3BE-4C8B-A313-97D11F44D81E}.Debug|Any CPU.Build.0 = Debug|Any CPU
		{CE5F145C-B3BE-4C8B-A313-97D11F44D81E}.Release|Any CPU.ActiveCfg = Release|Any CPU
		{CE5F145C-B3BE-4C8B-A313-97D11F44D81E}.Release|Any CPU.Build.0 = Release|Any CPU
	EndGlobalSection
	GlobalSection(SolutionProperties) = preSolution
		HideSolutionNode = FALSE
	EndGlobalSection
	GlobalSection(ExtensibilityGlobals) = postSolution
		SolutionGuid = {66B4F5C4-44E5-4B6B-A278-AFF92F25353D}
	EndGlobalSection
EndGlobal
